
Microsoft Visual Studio Solution File, Format Version 12.00
# Visual Studio 2013
VisualStudioVersion = 12.0.31101.0
MinimumVisualStudioVersion = 10.0.40219.1
Project("{FAE04EC0-301F-11D3-BF4B-00C04F79EFBC}") = "FakeReverseProxyHost", "FakeReverseProxyHost\FakeReverseProxyHost.csproj", "{78C3753C-9BE8-4B72-AF4A-74E664145EE9}"
EndProject
Project("{FAE04EC0-301F-11D3-BF4B-00C04F79EFBC}") = "FakeReverseProxyHost.Tests", "FakeReverseProxyHost.Tests\FakeReverseProxyHost.Tests.csproj", "{755B0E4C-5450-449F-84F4-6DC80EC76922}"
EndProject
Project("{FAE04EC0-301F-11D3-BF4B-00C04F79EFBC}") = "FakeReverseProxy.Example", "FakeReverseProxy.Example\FakeReverseProxy.Example.csproj", "{CCAB7C60-8190-4A6E-8D0A-7AAD49C62776}"
EndProject
Global
	GlobalSection(SolutionConfigurationPlatforms) = preSolution
		Debug|Any CPU = Debug|Any CPU
		Release|Any CPU = Release|Any CPU
	EndGlobalSection
	GlobalSection(ProjectConfigurationPlatforms) = postSolution
		{78C3753C-9BE8-4B72-AF4A-74E664145EE9}.Debug|Any CPU.ActiveCfg = Debug|Any CPU
		{78C3753C-9BE8-4B72-AF4A-74E664145EE9}.Debug|Any CPU.Build.0 = Debug|Any CPU
		{78C3753C-9BE8-4B72-AF4A-74E664145EE9}.Release|Any CPU.ActiveCfg = Release|Any CPU
		{78C3753C-9BE8-4B72-AF4A-74E664145EE9}.Release|Any CPU.Build.0 = Release|Any CPU
		{755B0E4C-5450-449F-84F4-6DC80EC76922}.Debug|Any CPU.ActiveCfg = Debug|Any CPU
		{755B0E4C-5450-449F-84F4-6DC80EC76922}.Debug|Any CPU.Build.0 = Debug|Any CPU
		{755B0E4C-5450-449F-84F4-6DC80EC76922}.Release|Any CPU.ActiveCfg = Release|Any CPU
		{755B0E4C-5450-449F-84F4-6DC80EC76922}.Release|Any CPU.Build.0 = Release|Any CPU
		{CCAB7C60-8190-4A6E-8D0A-7AAD49C62776}.Debug|Any CPU.ActiveCfg = Debug|Any CPU
		{CCAB7C60-8190-4A6E-8D0A-7AAD49C62776}.Debug|Any CPU.Build.0 = Debug|Any CPU
		{CCAB7C60-8190-4A6E-8D0A-7AAD49C62776}.Release|Any CPU.ActiveCfg = Release|Any CPU
		{CCAB7C60-8190-4A6E-8D0A-7AAD49C62776}.Release|Any CPU.Build.0 = Release|Any CPU
	EndGlobalSection
	GlobalSection(SolutionProperties) = preSolution
		HideSolutionNode = FALSE
	EndGlobalSection
EndGlobal
